
Microsoft Visual Studio Solution File, Format Version 12.00
# Visual Studio 15
Project("{FAE04EC0-301F-11D3-BF4B-00C04F79EFBC}") = "Assembly-CSharp", "Assembly-CSharp.csproj", "{41135BD4-1C97-6A16-EF16-351EDE70E05C}"
EndProject
Project("{FAE04EC0-301F-11D3-BF4B-00C04F79EFBC}") = "Assembly-CSharp-Editor", "Assembly-CSharp-Editor.csproj", "{BA82A422-8542-337D-80D0-F23E9F81B3C8}"
EndProject
Global
	GlobalSection(SolutionConfigurationPlatforms) = preSolution
		Debug|Any CPU = Debug|Any CPU
		Release|Any CPU = Release|Any CPU
	EndGlobalSection
	GlobalSection(ProjectConfigurationPlatforms) = postSolution
		{41135BD4-1C97-6A16-EF16-351EDE70E05C}.Debug|Any CPU.ActiveCfg = Debug|Any CPU
		{41135BD4-1C97-6A16-EF16-351EDE70E05C}.Debug|Any CPU.Build.0 = Debug|Any CPU
		{41135BD4-1C97-6A16-EF16-351EDE70E05C}.Release|Any CPU.ActiveCfg = Release|Any CPU
		{41135BD4-1C97-6A16-EF16-351EDE70E05C}.Release|Any CPU.Build.0 = Release|Any CPU
		{BA82A422-8542-337D-80D0-F23E9F81B3C8}.Debug|Any CPU.ActiveCfg = Debug|Any CPU
		{BA82A422-8542-337D-80D0-F23E9F81B3C8}.Debug|Any CPU.Build.0 = Debug|Any CPU
		{BA82A422-8542-337D-80D0-F23E9F81B3C8}.Release|Any CPU.ActiveCfg = Release|Any CPU
		{BA82A422-8542-337D-80D0-F23E9F81B3C8}.Release|Any CPU.Build.0 = Release|Any CPU
	EndGlobalSection
	GlobalSection(SolutionProperties) = preSolution
		HideSolutionNode = FALSE
	EndGlobalSection
EndGlobal
